
Microsoft Visual Studio Solution File, Format Version 12.00
# Visual Studio Version 17
VisualStudioVersion = 17.8.34408.163
MinimumVisualStudioVersion = 10.0.40219.1
Project("{FAE04EC0-301F-11D3-BF4B-00C04F79EFBC}") = "Programación 1 Act 1 Calculadora", "Programación 1 Act 1 Calculadora\Programación 1 Act 1 Calculadora.csproj", "{DB2D1270-0675-42E5-BC9D-E6AFEDA0D206}"
EndProject
Global
	GlobalSection(SolutionConfigurationPlatforms) = preSolution
		Debug|Any CPU = Debug|Any CPU
		Release|Any CPU = Release|Any CPU
	EndGlobalSection
	GlobalSection(ProjectConfigurationPlatforms) = postSolution
		{DB2D1270-0675-42E5-BC9D-E6AFEDA0D206}.Debug|Any CPU.ActiveCfg = Debug|Any CPU
		{DB2D1270-0675-42E5-BC9D-E6AFEDA0D206}.Debug|Any CPU.Build.0 = Debug|Any CPU
		{DB2D1270-0675-42E5-BC9D-E6AFEDA0D206}.Release|Any CPU.ActiveCfg = Release|Any CPU
		{DB2D1270-0675-42E5-BC9D-E6AFEDA0D206}.Release|Any CPU.Build.0 = Release|Any CPU
	EndGlobalSection
	GlobalSection(SolutionProperties) = preSolution
		HideSolutionNode = FALSE
	EndGlobalSection
	GlobalSection(ExtensibilityGlobals) = postSolution
		SolutionGuid = {3B0FB98E-CD6A-4061-A1DD-E937942C2956}
	EndGlobalSection
EndGlobal
